
Microsoft Visual Studio Solution File, Format Version 12.00
# Visual Studio Version 17
VisualStudioVersion = 17.14.36310.24 d17.14
MinimumVisualStudioVersion = 10.0.40219.1
Project("{FAE04EC0-301F-11D3-BF4B-00C04F79EFBC}") = "SlnMerge", "SlnMerge.csproj", "{11F7BDAE-B5A8-49B5-B031-23D119EEB198}"
EndProject
Global
	GlobalSection(SolutionConfigurationPlatforms) = preSolution
		Debug|Any CPU = Debug|Any CPU
		Release|Any CPU = Release|Any CPU
	EndGlobalSection
	GlobalSection(ProjectConfigurationPlatforms) = postSolution
		{11F7BDAE-B5A8-49B5-B031-23D119EEB198}.Debug|Any CPU.ActiveCfg = Debug|Any CPU
		{11F7BDAE-B5A8-49B5-B031-23D119EEB198}.Debug|Any CPU.Build.0 = Debug|Any CPU
		{11F7BDAE-B5A8-49B5-B031-23D119EEB198}.Release|Any CPU.ActiveCfg = Release|Any CPU
		{11F7BDAE-B5A8-49B5-B031-23D119EEB198}.Release|Any CPU.Build.0 = Release|Any CPU
	EndGlobalSection
	GlobalSection(SolutionProperties) = preSolution
		HideSolutionNode = FALSE
	EndGlobalSection
	GlobalSection(ExtensibilityGlobals) = postSolution
		SolutionGuid = {1CC6144F-DAC5-4D38-819E-BC8EA82E3EFE}
	EndGlobalSection
EndGlobal
